{
  "name": "generic-crud",
  "version": "0.0.14",
  "lockfileVersion": 1,
  "requires": true,
  "dependencies": {
    "@angular/cdk": {
      "version": "11.0.2",
      "resolved": "https://registry.npmjs.org/@angular/cdk/-/cdk-11.0.2.tgz",
      "integrity": "sha512-hdZ9UJVGgCFhdOuB4RPS1Ku45VSG/WfRjbyxu/7teYyFKqAvcd3vawkeQfZf+lExmFaeW43+5hnpu/JIlGTrSA==",
      "requires": {
        "parse5": "^5.0.0",
        "tslib": "^2.0.0"
      }
    },
    "lodash": {
      "version": "4.17.21",
      "resolved": "https://registry.npmjs.org/lodash/-/lodash-4.17.21.tgz",
      "integrity": "sha512-v2kDEe57lecTulaDIuNTPy3Ry4gLGJ6Z1O3vE1krgXZNrsQ+LFTGHVxVjcXPs17LhbZVGedAJv8XZ1tvj5FvSg=="
    },
    "moment": {
      "version": "2.29.1",
      "resolved": "https://registry.npmjs.org/moment/-/moment-2.29.1.tgz",
      "integrity": "sha512-kHmoybcPV8Sqy59DwNDY3Jefr64lK/by/da0ViFcuA4DH0vQg5Q6Ze5VimxkfQNSC+Mls/Kx53s7TjP1RhFEDQ=="
    },
    "ngx-mask": {
      "version": "11.1.5",
      "resolved": "https://registry.npmjs.org/ngx-mask/-/ngx-mask-11.1.5.tgz",
      "integrity": "sha512-rp0iH0bCpM7SiKi9FHZAyl6KwzwtIzO3vmxDPWCjjMxPN7cgUGA88mN2aAgFjL5cMvvQZRwUGyOfT2Di/GpPgg==",
      "requires": {
        "tslib": "^2.0.0"
      }
    },
    "ngx-take-until-destroy": {
      "version": "5.4.0",
      "resolved": "https://registry.npmjs.org/ngx-take-until-destroy/-/ngx-take-until-destroy-5.4.0.tgz",
      "integrity": "sha512-e+VfCrHbLybdKWoQ8prdhmVzWI6vTnedr/9cVGQTkfepMdLz5D++VDk+Wnbs7mru6S9C+kIpNWUlh2YMPl928Q==",
      "requires": {
        "tslib": "^1.9.0"
      },
      "dependencies": {
        "tslib": {
          "version": "1.14.1",
          "resolved": "https://registry.npmjs.org/tslib/-/tslib-1.14.1.tgz",
          "integrity": "sha512-Xni35NKzjgMrwevysHTCArtLDpPvye8zV/0E4EyYn43P7/7qvQwPh9BGkHewbMulVntbigmcT7rdX3BNo9wRJg=="
        }
      }
    },
    "parse5": {
      "version": "5.1.1",
      "resolved": "https://registry.npmjs.org/parse5/-/parse5-5.1.1.tgz",
      "integrity": "sha512-ugq4DFI0Ptb+WWjAdOK16+u/nHfiIrcE+sh8kZMaM0WllQKLI9rOUq6c2b7cwPkXdzfQESqvoqK6ug7U/Yyzug==",
      "optional": true
    },
    "tslib": {
      "version": "2.3.1",
      "resolved": "https://registry.npmjs.org/tslib/-/tslib-2.3.1.tgz",
      "integrity": "sha512-77EbyPPpMz+FRFRuAFlWMtmgUWGe9UOG2Z25NqCwiIjRhOf5iKGuzSe5P2w1laq+FkRy4p+PCuVkJSGkzTEKVw=="
    }
  }
}
