{
  "name": "generic-crud",
  "version": "0.0.8",
  "lockfileVersion": 1,
  "requires": true,
  "dependencies": {
    "lodash": {
      "version": "4.17.19",
      "resolved": "https://registry.npmjs.org/lodash/-/lodash-4.17.19.tgz",
      "integrity": "sha512-JNvd8XER9GQX0v2qJgsaN/mzFCNA5BRe/j8JN9d+tWyGLSodKQHKFicdwNYzWwI3wjRnaKPsGj1XkBjx/F96DQ=="
    },
    "ngx-mask": {
      "version": "11.1.4",
      "resolved": "https://registry.npmjs.org/ngx-mask/-/ngx-mask-11.1.4.tgz",
      "integrity": "sha512-TyKObQvgr6xol1/cFuI8pyVF6kGQVgw7Xl83eOv8SfoOm8iUdfQODlyUOCGu1yRnQCBj/IF46RFDd1DlJJF2nw==",
      "requires": {
        "tslib": "^2.0.0"
      }
    },
    "tslib": {
      "version": "2.0.3",
      "resolved": "https://registry.npmjs.org/tslib/-/tslib-2.0.3.tgz",
      "integrity": "sha512-uZtkfKblCEQtZKBF6EBXVZeQNl82yqtDQdv+eck8u7tdPxjLu2/lp5/uPW+um2tpuxINHWy3GhiccY7QgEaVHQ=="
    }
  }
}
